
Microsoft Visual Studio Solution File, Format Version 12.00
# Visual Studio 15
VisualStudioVersion = 15.0.25807.0
MinimumVisualStudioVersion = 10.0.40219.1
Project("{2150E333-8FDC-42A3-9474-1A3956D46DE8}") = "Engine", "Engine", "{E582AADD-2A75-4151-855B-158BB00747A2}"
EndProject
Project("{2150E333-8FDC-42A3-9474-1A3956D46DE8}") = "Games", "Games", "{1276362C-3366-4D2B-9BDB-5D73D161BB64}"
EndProject
Project("{8BC9CEB8-8B4A-11D0-8D11-00A0C91BC942}") = "UE4", "Intermediate\ProjectFiles\UE4.vcxproj", "{9E17B9F6-2E39-4E1A-829C-D5AEF31713C0}"
EndProject
Project("{8BC9CEB8-8B4A-11D0-8D11-00A0C91BC942}") = "Rayon", "Intermediate\ProjectFiles\Rayon.vcxproj", "{567D807A-7CFF-43A4-9F9C-6896E483EB46}"
EndProject
Project("{2150E333-8FDC-42A3-9474-1A3956D46DE8}") = "Visualizers", "Visualizers", "{4306342E-0525-4BBE-81BE-FD4084FFA8C2}"
	ProjectSection(SolutionItems) = preProject
		..\..\..\..\..\..\Program Files\Epic Games\UE_4.21\Engine\Extras\VisualStudioDebugging\UE4.natvis = ..\..\..\..\..\..\Program Files\Epic Games\UE_4.21\Engine\Extras\VisualStudioDebugging\UE4.natvis
	EndProjectSection
EndProject
Global
	GlobalSection(SolutionConfigurationPlatforms) = preSolution
		DebugGame Editor|HTML5 = DebugGame Editor|HTML5
		DebugGame Editor|Win32 = DebugGame Editor|Win32
		DebugGame Editor|Win64 = DebugGame Editor|Win64
		DebugGame|HTML5 = DebugGame|HTML5
		DebugGame|Win32 = DebugGame|Win32
		DebugGame|Win64 = DebugGame|Win64
		Development Editor|HTML5 = Development Editor|HTML5
		Development Editor|Win32 = Development Editor|Win32
		Development Editor|Win64 = Development Editor|Win64
		Development|HTML5 = Development|HTML5
		Development|Win32 = Development|Win32
		Development|Win64 = Development|Win64
		Shipping|HTML5 = Shipping|HTML5
		Shipping|Win32 = Shipping|Win32
		Shipping|Win64 = Shipping|Win64
	EndGlobalSection
	GlobalSection(ProjectConfigurationPlatforms) = postSolution
		{9E17B9F6-2E39-4E1A-829C-D5AEF31713C0}.DebugGame Editor|HTML5.ActiveCfg = BuiltWithUnrealBuildTool|Win32
		{9E17B9F6-2E39-4E1A-829C-D5AEF31713C0}.DebugGame Editor|Win32.ActiveCfg = BuiltWithUnrealBuildTool|Win32
		{9E17B9F6-2E39-4E1A-829C-D5AEF31713C0}.DebugGame Editor|Win64.ActiveCfg = BuiltWithUnrealBuildTool|Win32
		{9E17B9F6-2E39-4E1A-829C-D5AEF31713C0}.DebugGame|HTML5.ActiveCfg = BuiltWithUnrealBuildTool|Win32
		{9E17B9F6-2E39-4E1A-829C-D5AEF31713C0}.DebugGame|Win32.ActiveCfg = BuiltWithUnrealBuildTool|Win32
		{9E17B9F6-2E39-4E1A-829C-D5AEF31713C0}.DebugGame|Win64.ActiveCfg = BuiltWithUnrealBuildTool|Win32
		{9E17B9F6-2E39-4E1A-829C-D5AEF31713C0}.Development Editor|HTML5.ActiveCfg = BuiltWithUnrealBuildTool|Win32
		{9E17B9F6-2E39-4E1A-829C-D5AEF31713C0}.Development Editor|Win32.ActiveCfg = BuiltWithUnrealBuildTool|Win32
		{9E17B9F6-2E39-4E1A-829C-D5AEF31713C0}.Development Editor|Win64.ActiveCfg = BuiltWithUnrealBuildTool|Win32
		{9E17B9F6-2E39-4E1A-829C-D5AEF31713C0}.Development|HTML5.ActiveCfg = BuiltWithUnrealBuildTool|Win32
		{9E17B9F6-2E39-4E1A-829C-D5AEF31713C0}.Development|Win32.ActiveCfg = BuiltWithUnrealBuildTool|Win32
		{9E17B9F6-2E39-4E1A-829C-D5AEF31713C0}.Development|Win64.ActiveCfg = BuiltWithUnrealBuildTool|Win32
		{9E17B9F6-2E39-4E1A-829C-D5AEF31713C0}.Shipping|HTML5.ActiveCfg = BuiltWithUnrealBuildTool|Win32
		{9E17B9F6-2E39-4E1A-829C-D5AEF31713C0}.Shipping|Win32.ActiveCfg = BuiltWithUnrealBuildTool|Win32
		{9E17B9F6-2E39-4E1A-829C-D5AEF31713C0}.Shipping|Win64.ActiveCfg = BuiltWithUnrealBuildTool|Win32
		{567D807A-7CFF-43A4-9F9C-6896E483EB46}.DebugGame Editor|HTML5.ActiveCfg = Invalid|Win32
		{567D807A-7CFF-43A4-9F9C-6896E483EB46}.DebugGame Editor|Win32.ActiveCfg = Invalid|Win32
		{567D807A-7CFF-43A4-9F9C-6896E483EB46}.DebugGame Editor|Win64.ActiveCfg = DebugGame_Editor|x64
		{567D807A-7CFF-43A4-9F9C-6896E483EB46}.DebugGame Editor|Win64.Build.0 = DebugGame_Editor|x64
		{567D807A-7CFF-43A4-9F9C-6896E483EB46}.DebugGame|HTML5.ActiveCfg = HTML5_DebugGame|Win32
		{567D807A-7CFF-43A4-9F9C-6896E483EB46}.DebugGame|HTML5.Build.0 = HTML5_DebugGame|Win32
		{567D807A-7CFF-43A4-9F9C-6896E483EB46}.DebugGame|Win32.ActiveCfg = DebugGame|Win32
		{567D807A-7CFF-43A4-9F9C-6896E483EB46}.DebugGame|Win32.Build.0 = DebugGame|Win32
		{567D807A-7CFF-43A4-9F9C-6896E483EB46}.DebugGame|Win64.ActiveCfg = DebugGame|x64
		{567D807A-7CFF-43A4-9F9C-6896E483EB46}.DebugGame|Win64.Build.0 = DebugGame|x64
		{567D807A-7CFF-43A4-9F9C-6896E483EB46}.Development Editor|HTML5.ActiveCfg = Invalid|Win32
		{567D807A-7CFF-43A4-9F9C-6896E483EB46}.Development Editor|Win32.ActiveCfg = Invalid|Win32
		{567D807A-7CFF-43A4-9F9C-6896E483EB46}.Development Editor|Win64.ActiveCfg = Development_Editor|x64
		{567D807A-7CFF-43A4-9F9C-6896E483EB46}.Development Editor|Win64.Build.0 = Development_Editor|x64
		{567D807A-7CFF-43A4-9F9C-6896E483EB46}.Development|HTML5.ActiveCfg = HTML5_Development|Win32
		{567D807A-7CFF-43A4-9F9C-6896E483EB46}.Development|HTML5.Build.0 = HTML5_Development|Win32
		{567D807A-7CFF-43A4-9F9C-6896E483EB46}.Development|Win32.ActiveCfg = Development|Win32
		{567D807A-7CFF-43A4-9F9C-6896E483EB46}.Development|Win32.Build.0 = Development|Win32
		{567D807A-7CFF-43A4-9F9C-6896E483EB46}.Development|Win64.ActiveCfg = Development|x64
		{567D807A-7CFF-43A4-9F9C-6896E483EB46}.Development|Win64.Build.0 = Development|x64
		{567D807A-7CFF-43A4-9F9C-6896E483EB46}.Shipping|HTML5.ActiveCfg = HTML5_Shipping|Win32
		{567D807A-7CFF-43A4-9F9C-6896E483EB46}.Shipping|HTML5.Build.0 = HTML5_Shipping|Win32
		{567D807A-7CFF-43A4-9F9C-6896E483EB46}.Shipping|Win32.ActiveCfg = Shipping|Win32
		{567D807A-7CFF-43A4-9F9C-6896E483EB46}.Shipping|Win32.Build.0 = Shipping|Win32
		{567D807A-7CFF-43A4-9F9C-6896E483EB46}.Shipping|Win64.ActiveCfg = Shipping|x64
		{567D807A-7CFF-43A4-9F9C-6896E483EB46}.Shipping|Win64.Build.0 = Shipping|x64
	EndGlobalSection
	GlobalSection(SolutionProperties) = preSolution
		HideSolutionNode = FALSE
	EndGlobalSection
	GlobalSection(NestedProjects) = preSolution
		{9E17B9F6-2E39-4E1A-829C-D5AEF31713C0} = {E582AADD-2A75-4151-855B-158BB00747A2}
		{567D807A-7CFF-43A4-9F9C-6896E483EB46} = {1276362C-3366-4D2B-9BDB-5D73D161BB64}
	EndGlobalSection
EndGlobal
